
Microsoft Visual Studio Solution File, Format Version 12.00
# Visual Studio Version 17
VisualStudioVersion = 17.14.36202.13 d17.14
MinimumVisualStudioVersion = 10.0.40219.1
Project("{FAE04EC0-301F-11D3-BF4B-00C04F79EFBC}") = "BookLibraryApp", "BookLibraryApp\BookLibraryApp.csproj", "{C192176D-3842-45B5-9AF0-1067634FC5E8}"
EndProject
Global
	GlobalSection(SolutionConfigurationPlatforms) = preSolution
		Debug|Any CPU = Debug|Any CPU
		Release|Any CPU = Release|Any CPU
	EndGlobalSection
	GlobalSection(ProjectConfigurationPlatforms) = postSolution
		{C192176D-3842-45B5-9AF0-1067634FC5E8}.Debug|Any CPU.ActiveCfg = Debug|Any CPU
		{C192176D-3842-45B5-9AF0-1067634FC5E8}.Debug|Any CPU.Build.0 = Debug|Any CPU
		{C192176D-3842-45B5-9AF0-1067634FC5E8}.Release|Any CPU.ActiveCfg = Release|Any CPU
		{C192176D-3842-45B5-9AF0-1067634FC5E8}.Release|Any CPU.Build.0 = Release|Any CPU
	EndGlobalSection
	GlobalSection(SolutionProperties) = preSolution
		HideSolutionNode = FALSE
	EndGlobalSection
	GlobalSection(ExtensibilityGlobals) = postSolution
		SolutionGuid = {1A13462D-9C2F-4394-84CA-5AAAB056636D}
	EndGlobalSection
EndGlobal
